
Microsoft Visual Studio Solution File, Format Version 12.00
# Visual Studio Version 16
VisualStudioVersion = 16.0.30621.155
MinimumVisualStudioVersion = 10.0.40219.1
Project("{FAE04EC0-301F-11D3-BF4B-00C04F79EFBC}") = "MultiThreadedFileSearcher", "MultiThreadedFileSearcher\MultiThreadedFileSearcher.csproj", "{48750B7A-6CBD-4A42-9F32-820A201962C4}"
EndProject
Global
	GlobalSection(SolutionConfigurationPlatforms) = preSolution
		Debug|Any CPU = Debug|Any CPU
		Release|Any CPU = Release|Any CPU
	EndGlobalSection
	GlobalSection(ProjectConfigurationPlatforms) = postSolution
		{48750B7A-6CBD-4A42-9F32-820A201962C4}.Debug|Any CPU.ActiveCfg = Debug|Any CPU
		{48750B7A-6CBD-4A42-9F32-820A201962C4}.Debug|Any CPU.Build.0 = Debug|Any CPU
		{48750B7A-6CBD-4A42-9F32-820A201962C4}.Release|Any CPU.ActiveCfg = Release|Any CPU
		{48750B7A-6CBD-4A42-9F32-820A201962C4}.Release|Any CPU.Build.0 = Release|Any CPU
	EndGlobalSection
	GlobalSection(SolutionProperties) = preSolution
		HideSolutionNode = FALSE
	EndGlobalSection
	GlobalSection(ExtensibilityGlobals) = postSolution
		SolutionGuid = {D04FE88D-1FF5-41B4-B44D-DB9E7EFAC59D}
	EndGlobalSection
EndGlobal
